
Microsoft Visual Studio Solution File, Format Version 12.00
# Visual Studio 2012
Project("{FAE04EC0-301F-11D3-BF4B-00C04F79EFBC}") = "CSCI120_1", "CSCI120_1\CSCI120_1.csproj", "{26B169A7-5D0F-4A6D-BD87-A9C04CAE6DB4}"
EndProject
Project("{FAE04EC0-301F-11D3-BF4B-00C04F79EFBC}") = "CSCI120_2", "CSCI120_2\CSCI120_2.csproj", "{44233368-EE96-47BE-B306-1D6831C88D14}"
EndProject
Project("{FAE04EC0-301F-11D3-BF4B-00C04F79EFBC}") = "CSCI120", "CSCI120\CSCI120.csproj", "{CFCB1C59-A58C-4221-A4B3-4E7381DE0C66}"
EndProject
Project("{FAE04EC0-301F-11D3-BF4B-00C04F79EFBC}") = "CSCI120_3", "CSCI120_3\CSCI120_3.csproj", "{26A9A67D-7672-4E9B-934E-3E98BB8164D0}"
EndProject
Project("{FAE04EC0-301F-11D3-BF4B-00C04F79EFBC}") = "CSCI120_4", "CSCI120_4\CSCI120_4.csproj", "{620C428A-A5A2-4A7C-AF2D-FEE297DF1D04}"
EndProject
Global
	GlobalSection(SolutionConfigurationPlatforms) = preSolution
		Debug|x86 = Debug|x86
		Release|x86 = Release|x86
	EndGlobalSection
	GlobalSection(ProjectConfigurationPlatforms) = postSolution
		{26A9A67D-7672-4E9B-934E-3E98BB8164D0}.Debug|x86.ActiveCfg = Debug|x86
		{26A9A67D-7672-4E9B-934E-3E98BB8164D0}.Debug|x86.Build.0 = Debug|x86
		{26A9A67D-7672-4E9B-934E-3E98BB8164D0}.Release|x86.ActiveCfg = Release|x86
		{26A9A67D-7672-4E9B-934E-3E98BB8164D0}.Release|x86.Build.0 = Release|x86
		{26B169A7-5D0F-4A6D-BD87-A9C04CAE6DB4}.Debug|x86.ActiveCfg = Debug|x86
		{26B169A7-5D0F-4A6D-BD87-A9C04CAE6DB4}.Debug|x86.Build.0 = Debug|x86
		{26B169A7-5D0F-4A6D-BD87-A9C04CAE6DB4}.Release|x86.ActiveCfg = Release|x86
		{26B169A7-5D0F-4A6D-BD87-A9C04CAE6DB4}.Release|x86.Build.0 = Release|x86
		{44233368-EE96-47BE-B306-1D6831C88D14}.Debug|x86.ActiveCfg = Debug|x86
		{44233368-EE96-47BE-B306-1D6831C88D14}.Debug|x86.Build.0 = Debug|x86
		{44233368-EE96-47BE-B306-1D6831C88D14}.Release|x86.ActiveCfg = Release|x86
		{44233368-EE96-47BE-B306-1D6831C88D14}.Release|x86.Build.0 = Release|x86
		{620C428A-A5A2-4A7C-AF2D-FEE297DF1D04}.Debug|x86.ActiveCfg = Debug|x86
		{620C428A-A5A2-4A7C-AF2D-FEE297DF1D04}.Debug|x86.Build.0 = Debug|x86
		{620C428A-A5A2-4A7C-AF2D-FEE297DF1D04}.Release|x86.ActiveCfg = Release|x86
		{620C428A-A5A2-4A7C-AF2D-FEE297DF1D04}.Release|x86.Build.0 = Release|x86
		{CFCB1C59-A58C-4221-A4B3-4E7381DE0C66}.Debug|x86.ActiveCfg = Debug|Any CPU
		{CFCB1C59-A58C-4221-A4B3-4E7381DE0C66}.Debug|x86.Build.0 = Debug|Any CPU
		{CFCB1C59-A58C-4221-A4B3-4E7381DE0C66}.Release|x86.ActiveCfg = Release|Any CPU
		{CFCB1C59-A58C-4221-A4B3-4E7381DE0C66}.Release|x86.Build.0 = Release|Any CPU
	EndGlobalSection
EndGlobal
