
Microsoft Visual Studio Solution File, Format Version 12.00
# Visual Studio 2012
Project("{FAE04EC0-301F-11D3-BF4B-00C04F79EFBC}") = "CSCI120_1", "CSCI120_1\CSCI120_1.csproj", "{26B169A7-5D0F-4A6D-BD87-A9C04CAE6DB4}"
EndProject
Project("{FAE04EC0-301F-11D3-BF4B-00C04F79EFBC}") = "CSCI120_2", "CSCI120_2\CSCI120_2.csproj", "{44233368-EE96-47BE-B306-1D6831C88D14}"
EndProject
Project("{FAE04EC0-301F-11D3-BF4B-00C04F79EFBC}") = "CSCI120", "CSCI120\CSCI120.csproj", "{CFCB1C59-A58C-4221-A4B3-4E7381DE0C66}"
EndProject
Project("{FAE04EC0-301F-11D3-BF4B-00C04F79EFBC}") = "CSCI120_3", "CSCI120_3\CSCI120_3.csproj", "{26A9A67D-7672-4E9B-934E-3E98BB8164D0}"
EndProject
Project("{FAE04EC0-301F-11D3-BF4B-00C04F79EFBC}") = "CSCI120_4", "CSCI120_4\CSCI120_4.csproj", "{620C428A-A5A2-4A7C-AF2D-FEE297DF1D04}"
EndProject
Project("{FAE04EC0-301F-11D3-BF4B-00C04F79EFBC}") = "CSCI120_5", "CSCI120_5\CSCI120_5.csproj", "{FF2761FD-4241-413A-9DDF-27F55C0EEE88}"
EndProject
Project("{FAE04EC0-301F-11D3-BF4B-00C04F79EFBC}") = "CSCI120_6", "CSCI120_6\CSCI120_6.csproj", "{59FFD644-476E-4E25-9A10-5049D6BC9ED0}"
EndProject
Project("{FAE04EC0-301F-11D3-BF4B-00C04F79EFBC}") = "CSCI120_7", "CSCI120_7\CSCI120_7.csproj", "{762F3098-9647-480E-BD76-39AEC2951497}"
EndProject
Project("{FAE04EC0-301F-11D3-BF4B-00C04F79EFBC}") = "CSCI120_8", "CSCI120_8\CSCI120_8.csproj", "{22DBCF85-9014-4B7E-A9AB-0BEB4F189DC8}"
EndProject
Project("{FAE04EC0-301F-11D3-BF4B-00C04F79EFBC}") = "CSCI120_9", "CSCI120_9\CSCI120_9.csproj", "{6870000D-E407-4AFF-8D0E-753387A4349A}"
EndProject
Project("{FAE04EC0-301F-11D3-BF4B-00C04F79EFBC}") = "CSCI120_10", "CSCI120_10\CSCI120_10.csproj", "{A5AFC9A4-9606-42F6-8860-99EA352CDCF1}"
EndProject
Global
	GlobalSection(SolutionConfigurationPlatforms) = preSolution
		Debug|x86 = Debug|x86
		Release|x86 = Release|x86
	EndGlobalSection
	GlobalSection(ProjectConfigurationPlatforms) = postSolution
		{22DBCF85-9014-4B7E-A9AB-0BEB4F189DC8}.Debug|x86.ActiveCfg = Debug|x86
		{22DBCF85-9014-4B7E-A9AB-0BEB4F189DC8}.Debug|x86.Build.0 = Debug|x86
		{22DBCF85-9014-4B7E-A9AB-0BEB4F189DC8}.Release|x86.ActiveCfg = Release|x86
		{22DBCF85-9014-4B7E-A9AB-0BEB4F189DC8}.Release|x86.Build.0 = Release|x86
		{26A9A67D-7672-4E9B-934E-3E98BB8164D0}.Debug|x86.ActiveCfg = Debug|x86
		{26A9A67D-7672-4E9B-934E-3E98BB8164D0}.Debug|x86.Build.0 = Debug|x86
		{26A9A67D-7672-4E9B-934E-3E98BB8164D0}.Release|x86.ActiveCfg = Release|x86
		{26A9A67D-7672-4E9B-934E-3E98BB8164D0}.Release|x86.Build.0 = Release|x86
		{26B169A7-5D0F-4A6D-BD87-A9C04CAE6DB4}.Debug|x86.ActiveCfg = Debug|x86
		{26B169A7-5D0F-4A6D-BD87-A9C04CAE6DB4}.Debug|x86.Build.0 = Debug|x86
		{26B169A7-5D0F-4A6D-BD87-A9C04CAE6DB4}.Release|x86.ActiveCfg = Release|x86
		{26B169A7-5D0F-4A6D-BD87-A9C04CAE6DB4}.Release|x86.Build.0 = Release|x86
		{44233368-EE96-47BE-B306-1D6831C88D14}.Debug|x86.ActiveCfg = Debug|x86
		{44233368-EE96-47BE-B306-1D6831C88D14}.Debug|x86.Build.0 = Debug|x86
		{44233368-EE96-47BE-B306-1D6831C88D14}.Release|x86.ActiveCfg = Release|x86
		{44233368-EE96-47BE-B306-1D6831C88D14}.Release|x86.Build.0 = Release|x86
		{59FFD644-476E-4E25-9A10-5049D6BC9ED0}.Debug|x86.ActiveCfg = Debug|x86
		{59FFD644-476E-4E25-9A10-5049D6BC9ED0}.Debug|x86.Build.0 = Debug|x86
		{59FFD644-476E-4E25-9A10-5049D6BC9ED0}.Release|x86.ActiveCfg = Release|x86
		{59FFD644-476E-4E25-9A10-5049D6BC9ED0}.Release|x86.Build.0 = Release|x86
		{620C428A-A5A2-4A7C-AF2D-FEE297DF1D04}.Debug|x86.ActiveCfg = Debug|x86
		{620C428A-A5A2-4A7C-AF2D-FEE297DF1D04}.Debug|x86.Build.0 = Debug|x86
		{620C428A-A5A2-4A7C-AF2D-FEE297DF1D04}.Release|x86.ActiveCfg = Release|x86
		{620C428A-A5A2-4A7C-AF2D-FEE297DF1D04}.Release|x86.Build.0 = Release|x86
		{6870000D-E407-4AFF-8D0E-753387A4349A}.Debug|x86.ActiveCfg = Debug|x86
		{6870000D-E407-4AFF-8D0E-753387A4349A}.Debug|x86.Build.0 = Debug|x86
		{6870000D-E407-4AFF-8D0E-753387A4349A}.Release|x86.ActiveCfg = Release|x86
		{6870000D-E407-4AFF-8D0E-753387A4349A}.Release|x86.Build.0 = Release|x86
		{762F3098-9647-480E-BD76-39AEC2951497}.Debug|x86.ActiveCfg = Debug|x86
		{762F3098-9647-480E-BD76-39AEC2951497}.Debug|x86.Build.0 = Debug|x86
		{762F3098-9647-480E-BD76-39AEC2951497}.Release|x86.ActiveCfg = Release|x86
		{762F3098-9647-480E-BD76-39AEC2951497}.Release|x86.Build.0 = Release|x86
		{A5AFC9A4-9606-42F6-8860-99EA352CDCF1}.Debug|x86.ActiveCfg = Debug|x86
		{A5AFC9A4-9606-42F6-8860-99EA352CDCF1}.Debug|x86.Build.0 = Debug|x86
		{A5AFC9A4-9606-42F6-8860-99EA352CDCF1}.Release|x86.ActiveCfg = Release|x86
		{A5AFC9A4-9606-42F6-8860-99EA352CDCF1}.Release|x86.Build.0 = Release|x86
		{CFCB1C59-A58C-4221-A4B3-4E7381DE0C66}.Debug|x86.ActiveCfg = Debug|Any CPU
		{CFCB1C59-A58C-4221-A4B3-4E7381DE0C66}.Debug|x86.Build.0 = Debug|Any CPU
		{CFCB1C59-A58C-4221-A4B3-4E7381DE0C66}.Release|x86.ActiveCfg = Release|Any CPU
		{CFCB1C59-A58C-4221-A4B3-4E7381DE0C66}.Release|x86.Build.0 = Release|Any CPU
		{FF2761FD-4241-413A-9DDF-27F55C0EEE88}.Debug|x86.ActiveCfg = Debug|x86
		{FF2761FD-4241-413A-9DDF-27F55C0EEE88}.Debug|x86.Build.0 = Debug|x86
		{FF2761FD-4241-413A-9DDF-27F55C0EEE88}.Release|x86.ActiveCfg = Release|x86
		{FF2761FD-4241-413A-9DDF-27F55C0EEE88}.Release|x86.Build.0 = Release|x86
	EndGlobalSection
EndGlobal
