
Microsoft Visual Studio Solution File, Format Version 12.00
# Visual Studio 2012
Project("{FAE04EC0-301F-11D3-BF4B-00C04F79EFBC}") = "CSCI120", "CSCI120.csproj", "{CFCB1C59-A58C-4221-A4B3-4E7381DE0C66}"
EndProject
Global
	GlobalSection(SolutionConfigurationPlatforms) = preSolution
		Debug|Any CPU = Debug|Any CPU
		Release|Any CPU = Release|Any CPU
	EndGlobalSection
	GlobalSection(ProjectConfigurationPlatforms) = postSolution
		{CFCB1C59-A58C-4221-A4B3-4E7381DE0C66}.Debug|Any CPU.ActiveCfg = Debug|Any CPU
		{CFCB1C59-A58C-4221-A4B3-4E7381DE0C66}.Debug|Any CPU.Build.0 = Debug|Any CPU
		{CFCB1C59-A58C-4221-A4B3-4E7381DE0C66}.Release|Any CPU.ActiveCfg = Release|Any CPU
		{CFCB1C59-A58C-4221-A4B3-4E7381DE0C66}.Release|Any CPU.Build.0 = Release|Any CPU
	EndGlobalSection
EndGlobal
